{
  "name": "Lahar",
  "version": "1.0.0",
  "description": "Lahar Imports,",
  "main": "gulpfile.js",
  "scripts": {
    "test": "echo \"Error: no test specified\" && exit 1"
  },
  "repository": {
    "type": "git",
    "url": "git+https://github.com/kishoresuriya/Lahar.github.io.git"
  },
  "keywords": [],
  "author": "",
  "license": "ISC",
  "bugs": {
    "url": "https://github.com/kishoresuriya/Lahar.github.io.git/issues"
  },
  "homepage": "https://github.com/kishoresuriya/Lahar.github.io.git#readme",
  "devDependencies": {
    "gulp": "^4.0.2",
    "gulp-clean-css": "^4.2.0",
    "gulp-concat": "^2.6.1",
    "gulp-connect": "^5.7.0",
    "gulp-minify-css": "^1.2.4",
    "gulp-sourcemaps": "^2.6.5",
    "gulp-uglify": "^3.0.2",
    "gulp-uglifycss": "^1.1.0",
    "gulp-uncss": "^1.0.6"
  }
}